
Microsoft Visual Studio Solution File, Format Version 12.00
# Visual Studio 15
Project("{FAE04EC0-301F-11D3-BF4B-00C04F79EFBC}") = "RazorPagesMovie", "RazorPagesMovie\RazorPagesMovie.csproj", "{900BA817-CE6E-4F83-A4A1-847F763FCCD3}"
EndProject
Global
	GlobalSection(SolutionConfigurationPlatforms) = preSolution
		Debug|Any CPU = Debug|Any CPU
		Release|Any CPU = Release|Any CPU
	EndGlobalSection
	GlobalSection(ProjectConfigurationPlatforms) = postSolution
		{900BA817-CE6E-4F83-A4A1-847F763FCCD3}.Debug|Any CPU.ActiveCfg = Debug|Any CPU
		{900BA817-CE6E-4F83-A4A1-847F763FCCD3}.Debug|Any CPU.Build.0 = Debug|Any CPU
		{900BA817-CE6E-4F83-A4A1-847F763FCCD3}.Release|Any CPU.ActiveCfg = Release|Any CPU
		{900BA817-CE6E-4F83-A4A1-847F763FCCD3}.Release|Any CPU.Build.0 = Release|Any CPU
	EndGlobalSection
EndGlobal
